
Microsoft Visual Studio Solution File, Format Version 12.00
# Visual Studio Version 16
VisualStudioVersion = 16.0.30907.101
MinimumVisualStudioVersion = 10.0.40219.1
Project("{FAE04EC0-301F-11D3-BF4B-00C04F79EFBC}") = "Lab 1.5", "Lab 1.5\Lab 1.5.csproj", "{C6C0C605-90E2-439F-958F-111820814A1C}"
EndProject
Global
	GlobalSection(SolutionConfigurationPlatforms) = preSolution
		Debug|Any CPU = Debug|Any CPU
		Release|Any CPU = Release|Any CPU
	EndGlobalSection
	GlobalSection(ProjectConfigurationPlatforms) = postSolution
		{C6C0C605-90E2-439F-958F-111820814A1C}.Debug|Any CPU.ActiveCfg = Debug|Any CPU
		{C6C0C605-90E2-439F-958F-111820814A1C}.Debug|Any CPU.Build.0 = Debug|Any CPU
		{C6C0C605-90E2-439F-958F-111820814A1C}.Release|Any CPU.ActiveCfg = Release|Any CPU
		{C6C0C605-90E2-439F-958F-111820814A1C}.Release|Any CPU.Build.0 = Release|Any CPU
	EndGlobalSection
	GlobalSection(SolutionProperties) = preSolution
		HideSolutionNode = FALSE
	EndGlobalSection
	GlobalSection(ExtensibilityGlobals) = postSolution
		SolutionGuid = {0A2145B3-F8AA-42B0-81AB-D91B38AE93A9}
	EndGlobalSection
EndGlobal
